
Microsoft Visual Studio Solution File, Format Version 12.00
# Visual Studio Version 16
VisualStudioVersion = 16.0.31005.135
MinimumVisualStudioVersion = 10.0.40219.1
Project("{FAE04EC0-301F-11D3-BF4B-00C04F79EFBC}") = "CapaNegocio", "capa negocio\CapaNegocio.csproj", "{4063BECB-9D23-4276-8C02-B0345A3204BD}"
EndProject
Project("{FAE04EC0-301F-11D3-BF4B-00C04F79EFBC}") = "CapaPresentacion", "CapaPresentacion\CapaPresentacion.csproj", "{D4DAC811-37ED-406E-9B36-E8D647C6E95E}"
EndProject
Global
	GlobalSection(SolutionConfigurationPlatforms) = preSolution
		Debug|Any CPU = Debug|Any CPU
		Release|Any CPU = Release|Any CPU
	EndGlobalSection
	GlobalSection(ProjectConfigurationPlatforms) = postSolution
		{4063BECB-9D23-4276-8C02-B0345A3204BD}.Debug|Any CPU.ActiveCfg = Debug|Any CPU
		{4063BECB-9D23-4276-8C02-B0345A3204BD}.Debug|Any CPU.Build.0 = Debug|Any CPU
		{4063BECB-9D23-4276-8C02-B0345A3204BD}.Release|Any CPU.ActiveCfg = Release|Any CPU
		{4063BECB-9D23-4276-8C02-B0345A3204BD}.Release|Any CPU.Build.0 = Release|Any CPU
		{D4DAC811-37ED-406E-9B36-E8D647C6E95E}.Debug|Any CPU.ActiveCfg = Debug|Any CPU
		{D4DAC811-37ED-406E-9B36-E8D647C6E95E}.Debug|Any CPU.Build.0 = Debug|Any CPU
		{D4DAC811-37ED-406E-9B36-E8D647C6E95E}.Release|Any CPU.ActiveCfg = Release|Any CPU
		{D4DAC811-37ED-406E-9B36-E8D647C6E95E}.Release|Any CPU.Build.0 = Release|Any CPU
	EndGlobalSection
	GlobalSection(SolutionProperties) = preSolution
		HideSolutionNode = FALSE
	EndGlobalSection
	GlobalSection(ExtensibilityGlobals) = postSolution
		SolutionGuid = {8CFCDFA1-5617-48AE-AAEA-93123285D989}
	EndGlobalSection
EndGlobal
